go.nandlabs.io/commons v0.0.1 h1:lsbYNX7pD2p4y1w6LAp8og+1FN1BNe9PJu0Zewh1guo=
go.nandlabs.io/commons v0.0.1/go.mod h1:0Kw+BDvFH+9gNscbr6nv4nvWUt3/JmAlSMxMNkHLLdk=
go.nandlabs.io/l3 v0.0.1 h1:awmFMdP4PqkaRTImsEy0SAIb3MPcqG0dzvHM9i7tX/M=
go.nandlabs.io/l3 v0.0.1/go.mod h1:N/29Imt7tv7TB9UJqHDxwrfmUDDGKuMMo8hQzTRGUQA=
